// !$*UTF8*$!
{
	archiveVersion = 1;
	classes = {
	};
	objectVersion = 56;
	objects = {

/* Begin PBXBuildFile section */
		F45FE8852BE302AF005A04D8 /* FeedImage.swift in Sources */ = {isa = PBXBuildFile; fileRef = F45FE8842BE302AF005A04D8 /* FeedImage.swift */; };
		F45FE8882BE302C2005A04D8 /* FeedLoader.swift in Sources */ = {isa = PBXBuildFile; fileRef = F45FE8862BE302C2005A04D8 /* FeedLoader.swift */; };
		F45FE8892BE302C2005A04D8 /* FeedCache.swift in Sources */ = {isa = PBXBuildFile; fileRef = F45FE8872BE302C2005A04D8 /* FeedCache.swift */; };
		F45FE8912BE30374005A04D8 /* FeedItemsMapper.swift in Sources */ = {isa = PBXBuildFile; fileRef = F45FE88C2BE30373005A04D8 /* FeedItemsMapper.swift */; };
		F45FE8922BE30374005A04D8 /* RemoteFeedLoader.swift in Sources */ = {isa = PBXBuildFile; fileRef = F45FE88D2BE30373005A04D8 /* RemoteFeedLoader.swift */; };
		F45FE8932BE30374005A04D8 /* RemoteFeedItem.swift in Sources */ = {isa = PBXBuildFile; fileRef = F45FE88E2BE30373005A04D8 /* RemoteFeedItem.swift */; };
		F45FE8942BE30374005A04D8 /* HTTPClient.swift in Sources */ = {isa = PBXBuildFile; fileRef = F45FE88F2BE30373005A04D8 /* HTTPClient.swift */; };
		F45FE8952BE30374005A04D8 /* URLSessionHTTPClient.swift in Sources */ = {isa = PBXBuildFile; fileRef = F45FE8902BE30374005A04D8 /* URLSessionHTTPClient.swift */; };
		F45FE8982BE30439005A04D8 /* HTTPURLResponse+StatusCode.swift in Sources */ = {isa = PBXBuildFile; fileRef = F45FE8962BE30439005A04D8 /* HTTPURLResponse+StatusCode.swift */; };
		F45FE89D2BE304BB005A04D8 /* LocalFeedLoader.swift in Sources */ = {isa = PBXBuildFile; fileRef = F45FE89A2BE304BB005A04D8 /* LocalFeedLoader.swift */; };
		F45FE89E2BE304BB005A04D8 /* LocalFeedImage.swift in Sources */ = {isa = PBXBuildFile; fileRef = F45FE89B2BE304BB005A04D8 /* LocalFeedImage.swift */; };
		F45FE89F2BE304BB005A04D8 /* FeedStore.swift in Sources */ = {isa = PBXBuildFile; fileRef = F45FE89C2BE304BB005A04D8 /* FeedStore.swift */; };
		F45FE8A42BE305A5005A04D8 /* CoreDataFeedStore.swift in Sources */ = {isa = PBXBuildFile; fileRef = F45FE8A22BE305A4005A04D8 /* CoreDataFeedStore.swift */; };
		F45FE8A52BE305A5005A04D8 /* CoreDataFeedStore+FeedStore.swift in Sources */ = {isa = PBXBuildFile; fileRef = F45FE8A32BE305A5005A04D8 /* CoreDataFeedStore+FeedStore.swift */; };
		F45FE8A72BE305B5005A04D8 /* CoreDataHelpers.swift in Sources */ = {isa = PBXBuildFile; fileRef = F45FE8A62BE305B4005A04D8 /* CoreDataHelpers.swift */; };
		F45FE8B22BE30645005A04D8 /* FeedStore.xcdatamodeld in Sources */ = {isa = PBXBuildFile; fileRef = F45FE8B02BE30645005A04D8 /* FeedStore.xcdatamodeld */; };
		F45FE8B52BE30844005A04D8 /* ManagedFeedImage.swift in Sources */ = {isa = PBXBuildFile; fileRef = F45FE8B32BE30844005A04D8 /* ManagedFeedImage.swift */; };
		F45FE8B62BE30844005A04D8 /* ManagedCache.swift in Sources */ = {isa = PBXBuildFile; fileRef = F45FE8B42BE30844005A04D8 /* ManagedCache.swift */; };
		F45FE8E42BE30CD8005A04D8 /* FeedViewModel.swift in Sources */ = {isa = PBXBuildFile; fileRef = F45FE8DE2BE30CD7005A04D8 /* FeedViewModel.swift */; };
		F45FE8E52BE30CD8005A04D8 /* FeedLoadingViewModel.swift in Sources */ = {isa = PBXBuildFile; fileRef = F45FE8DF2BE30CD7005A04D8 /* FeedLoadingViewModel.swift */; };
		F45FE8E62BE30CD8005A04D8 /* FeedImageViewModel.swift in Sources */ = {isa = PBXBuildFile; fileRef = F45FE8E02BE30CD7005A04D8 /* FeedImageViewModel.swift */; };
		F45FE8E72BE30CD8005A04D8 /* FeedPresenter.swift in Sources */ = {isa = PBXBuildFile; fileRef = F45FE8E12BE30CD7005A04D8 /* FeedPresenter.swift */; };
		F45FE8E82BE30CD8005A04D8 /* FeedErrorViewModel.swift in Sources */ = {isa = PBXBuildFile; fileRef = F45FE8E22BE30CD8005A04D8 /* FeedErrorViewModel.swift */; };
		F45FE8E92BE30CD8005A04D8 /* FeedImagePresenter.swift in Sources */ = {isa = PBXBuildFile; fileRef = F45FE8E32BE30CD8005A04D8 /* FeedImagePresenter.swift */; };
		F45FE8EB2BE30CED005A04D8 /* Localized.swift in Sources */ = {isa = PBXBuildFile; fileRef = F45FE8EA2BE30CEC005A04D8 /* Localized.swift */; };
		F47ABB762BE328BA0063C7AA /* FeedImageCellController.swift in Sources */ = {isa = PBXBuildFile; fileRef = F47ABB672BE328BA0063C7AA /* FeedImageCellController.swift */; };
		F47ABB772BE328BA0063C7AA /* FeedViewController.swift in Sources */ = {isa = PBXBuildFile; fileRef = F47ABB682BE328BA0063C7AA /* FeedViewController.swift */; };
		F47ABB792BE328BA0063C7AA /* UIRefreshControl+Helpers.swift in Sources */ = {isa = PBXBuildFile; fileRef = F47ABB6B2BE328BA0063C7AA /* UIRefreshControl+Helpers.swift */; };
		F47ABB7A2BE328BA0063C7AA /* UITableView+Dequeueing.swift in Sources */ = {isa = PBXBuildFile; fileRef = F47ABB6C2BE328BA0063C7AA /* UITableView+Dequeueing.swift */; };
		F47ABB7B2BE328BA0063C7AA /* UITableView+HeaderSizing.swift in Sources */ = {isa = PBXBuildFile; fileRef = F47ABB6D2BE328BA0063C7AA /* UITableView+HeaderSizing.swift */; };
		F47ABB7C2BE328BA0063C7AA /* UIView+Shimmering.swift in Sources */ = {isa = PBXBuildFile; fileRef = F47ABB6E2BE328BA0063C7AA /* UIView+Shimmering.swift */; };
		F47ABB7D2BE328BA0063C7AA /* ErrorView.swift in Sources */ = {isa = PBXBuildFile; fileRef = F47ABB702BE328BA0063C7AA /* ErrorView.swift */; };
		F47ABB7E2BE328BB0063C7AA /* Feed.storyboard in Resources */ = {isa = PBXBuildFile; fileRef = F47ABB712BE328BA0063C7AA /* Feed.storyboard */; };
		F47ABB7F2BE328BB0063C7AA /* Feed.xcassets in Resources */ = {isa = PBXBuildFile; fileRef = F47ABB722BE328BA0063C7AA /* Feed.xcassets */; };
		F47ABB802BE328BB0063C7AA /* FeedImageCell.swift in Sources */ = {isa = PBXBuildFile; fileRef = F47ABB732BE328BA0063C7AA /* FeedImageCell.swift */; };
		F47ABB862BE329A80063C7AA /* ListEngine.framework in Frameworks */ = {isa = PBXBuildFile; fileRef = F45FE8572BE2DB9A005A04D8 /* ListEngine.framework */; settings = {ATTRIBUTES = (Required, ); }; };
		F47ABB872BE329A80063C7AA /* ListEngine.framework in Embed Frameworks */ = {isa = PBXBuildFile; fileRef = F45FE8572BE2DB9A005A04D8 /* ListEngine.framework */; settings = {ATTRIBUTES = (CodeSignOnCopy, RemoveHeadersOnCopy, ); }; };
		F49EDBD52BE3AA4800415107 /* Feed.strings in Resources */ = {isa = PBXBuildFile; fileRef = F49EDBD32BE3AA4800415107 /* Feed.strings */; };
/* End PBXBuildFile section */

/* Begin PBXContainerItemProxy section */
		F47ABB832BE329790063C7AA /* PBXContainerItemProxy */ = {
			isa = PBXContainerItemProxy;
			containerPortal = F45FE84E2BE2DB9A005A04D8 /* Project object */;
			proxyType = 1;
			remoteGlobalIDString = F45FE8562BE2DB9A005A04D8;
			remoteInfo = ListEngine;
		};
/* End PBXContainerItemProxy section */

/* Begin PBXCopyFilesBuildPhase section */
		F47ABB882BE329A80063C7AA /* Embed Frameworks */ = {
			isa = PBXCopyFilesBuildPhase;
			buildActionMask = 2147483647;
			dstPath = "";
			dstSubfolderSpec = 10;
			files = (
				F47ABB872BE329A80063C7AA /* ListEngine.framework in Embed Frameworks */,
			);
			name = "Embed Frameworks";
			runOnlyForDeploymentPostprocessing = 0;
		};
/* End PBXCopyFilesBuildPhase section */

/* Begin PBXFileReference section */
		F45FE8572BE2DB9A005A04D8 /* ListEngine.framework */ = {isa = PBXFileReference; explicitFileType = wrapper.framework; includeInIndex = 0; path = ListEngine.framework; sourceTree = BUILT_PRODUCTS_DIR; };
		F45FE8842BE302AF005A04D8 /* FeedImage.swift */ = {isa = PBXFileReference; fileEncoding = 4; lastKnownFileType = sourcecode.swift; path = FeedImage.swift; sourceTree = "<group>"; };
		F45FE8862BE302C2005A04D8 /* FeedLoader.swift */ = {isa = PBXFileReference; fileEncoding = 4; lastKnownFileType = sourcecode.swift; path = FeedLoader.swift; sourceTree = "<group>"; };
		F45FE8872BE302C2005A04D8 /* FeedCache.swift */ = {isa = PBXFileReference; fileEncoding = 4; lastKnownFileType = sourcecode.swift; path = FeedCache.swift; sourceTree = "<group>"; };
		F45FE88C2BE30373005A04D8 /* FeedItemsMapper.swift */ = {isa = PBXFileReference; fileEncoding = 4; lastKnownFileType = sourcecode.swift; path = FeedItemsMapper.swift; sourceTree = "<group>"; };
		F45FE88D2BE30373005A04D8 /* RemoteFeedLoader.swift */ = {isa = PBXFileReference; fileEncoding = 4; lastKnownFileType = sourcecode.swift; path = RemoteFeedLoader.swift; sourceTree = "<group>"; };
		F45FE88E2BE30373005A04D8 /* RemoteFeedItem.swift */ = {isa = PBXFileReference; fileEncoding = 4; lastKnownFileType = sourcecode.swift; path = RemoteFeedItem.swift; sourceTree = "<group>"; };
		F45FE88F2BE30373005A04D8 /* HTTPClient.swift */ = {isa = PBXFileReference; fileEncoding = 4; lastKnownFileType = sourcecode.swift; path = HTTPClient.swift; sourceTree = "<group>"; };
		F45FE8902BE30374005A04D8 /* URLSessionHTTPClient.swift */ = {isa = PBXFileReference; fileEncoding = 4; lastKnownFileType = sourcecode.swift; path = URLSessionHTTPClient.swift; sourceTree = "<group>"; };
		F45FE8962BE30439005A04D8 /* HTTPURLResponse+StatusCode.swift */ = {isa = PBXFileReference; fileEncoding = 4; lastKnownFileType = sourcecode.swift; path = "HTTPURLResponse+StatusCode.swift"; sourceTree = "<group>"; };
		F45FE89A2BE304BB005A04D8 /* LocalFeedLoader.swift */ = {isa = PBXFileReference; fileEncoding = 4; lastKnownFileType = sourcecode.swift; path = LocalFeedLoader.swift; sourceTree = "<group>"; };
		F45FE89B2BE304BB005A04D8 /* LocalFeedImage.swift */ = {isa = PBXFileReference; fileEncoding = 4; lastKnownFileType = sourcecode.swift; path = LocalFeedImage.swift; sourceTree = "<group>"; };
		F45FE89C2BE304BB005A04D8 /* FeedStore.swift */ = {isa = PBXFileReference; fileEncoding = 4; lastKnownFileType = sourcecode.swift; path = FeedStore.swift; sourceTree = "<group>"; };
		F45FE8A22BE305A4005A04D8 /* CoreDataFeedStore.swift */ = {isa = PBXFileReference; fileEncoding = 4; lastKnownFileType = sourcecode.swift; path = CoreDataFeedStore.swift; sourceTree = "<group>"; };
		F45FE8A32BE305A5005A04D8 /* CoreDataFeedStore+FeedStore.swift */ = {isa = PBXFileReference; fileEncoding = 4; lastKnownFileType = sourcecode.swift; path = "CoreDataFeedStore+FeedStore.swift"; sourceTree = "<group>"; };
		F45FE8A62BE305B4005A04D8 /* CoreDataHelpers.swift */ = {isa = PBXFileReference; fileEncoding = 4; lastKnownFileType = sourcecode.swift; path = CoreDataHelpers.swift; sourceTree = "<group>"; };
		F45FE8B12BE30645005A04D8 /* FeedStore.xcdatamodel */ = {isa = PBXFileReference; lastKnownFileType = wrapper.xcdatamodel; path = FeedStore.xcdatamodel; sourceTree = "<group>"; };
		F45FE8B32BE30844005A04D8 /* ManagedFeedImage.swift */ = {isa = PBXFileReference; fileEncoding = 4; lastKnownFileType = sourcecode.swift; path = ManagedFeedImage.swift; sourceTree = "<group>"; };
		F45FE8B42BE30844005A04D8 /* ManagedCache.swift */ = {isa = PBXFileReference; fileEncoding = 4; lastKnownFileType = sourcecode.swift; path = ManagedCache.swift; sourceTree = "<group>"; };
		F45FE8DE2BE30CD7005A04D8 /* FeedViewModel.swift */ = {isa = PBXFileReference; fileEncoding = 4; lastKnownFileType = sourcecode.swift; path = FeedViewModel.swift; sourceTree = "<group>"; };
		F45FE8DF2BE30CD7005A04D8 /* FeedLoadingViewModel.swift */ = {isa = PBXFileReference; fileEncoding = 4; lastKnownFileType = sourcecode.swift; path = FeedLoadingViewModel.swift; sourceTree = "<group>"; };
		F45FE8E02BE30CD7005A04D8 /* FeedImageViewModel.swift */ = {isa = PBXFileReference; fileEncoding = 4; lastKnownFileType = sourcecode.swift; path = FeedImageViewModel.swift; sourceTree = "<group>"; };
		F45FE8E12BE30CD7005A04D8 /* FeedPresenter.swift */ = {isa = PBXFileReference; fileEncoding = 4; lastKnownFileType = sourcecode.swift; path = FeedPresenter.swift; sourceTree = "<group>"; };
		F45FE8E22BE30CD8005A04D8 /* FeedErrorViewModel.swift */ = {isa = PBXFileReference; fileEncoding = 4; lastKnownFileType = sourcecode.swift; path = FeedErrorViewModel.swift; sourceTree = "<group>"; };
		F45FE8E32BE30CD8005A04D8 /* FeedImagePresenter.swift */ = {isa = PBXFileReference; fileEncoding = 4; lastKnownFileType = sourcecode.swift; path = FeedImagePresenter.swift; sourceTree = "<group>"; };
		F45FE8EA2BE30CEC005A04D8 /* Localized.swift */ = {isa = PBXFileReference; fileEncoding = 4; lastKnownFileType = sourcecode.swift; path = Localized.swift; sourceTree = "<group>"; };
		F47ABB602BE328AA0063C7AA /* LIstiOS.framework */ = {isa = PBXFileReference; explicitFileType = wrapper.framework; includeInIndex = 0; path = LIstiOS.framework; sourceTree = BUILT_PRODUCTS_DIR; };
		F47ABB672BE328BA0063C7AA /* FeedImageCellController.swift */ = {isa = PBXFileReference; fileEncoding = 4; lastKnownFileType = sourcecode.swift; path = FeedImageCellController.swift; sourceTree = "<group>"; };
		F47ABB682BE328BA0063C7AA /* FeedViewController.swift */ = {isa = PBXFileReference; fileEncoding = 4; lastKnownFileType = sourcecode.swift; path = FeedViewController.swift; sourceTree = "<group>"; };
		F47ABB6B2BE328BA0063C7AA /* UIRefreshControl+Helpers.swift */ = {isa = PBXFileReference; fileEncoding = 4; lastKnownFileType = sourcecode.swift; path = "UIRefreshControl+Helpers.swift"; sourceTree = "<group>"; };
		F47ABB6C2BE328BA0063C7AA /* UITableView+Dequeueing.swift */ = {isa = PBXFileReference; fileEncoding = 4; lastKnownFileType = sourcecode.swift; path = "UITableView+Dequeueing.swift"; sourceTree = "<group>"; };
		F47ABB6D2BE328BA0063C7AA /* UITableView+HeaderSizing.swift */ = {isa = PBXFileReference; fileEncoding = 4; lastKnownFileType = sourcecode.swift; path = "UITableView+HeaderSizing.swift"; sourceTree = "<group>"; };
		F47ABB6E2BE328BA0063C7AA /* UIView+Shimmering.swift */ = {isa = PBXFileReference; fileEncoding = 4; lastKnownFileType = sourcecode.swift; path = "UIView+Shimmering.swift"; sourceTree = "<group>"; };
		F47ABB702BE328BA0063C7AA /* ErrorView.swift */ = {isa = PBXFileReference; fileEncoding = 4; lastKnownFileType = sourcecode.swift; path = ErrorView.swift; sourceTree = "<group>"; };
		F47ABB712BE328BA0063C7AA /* Feed.storyboard */ = {isa = PBXFileReference; fileEncoding = 4; lastKnownFileType = file.storyboard; path = Feed.storyboard; sourceTree = "<group>"; };
		F47ABB722BE328BA0063C7AA /* Feed.xcassets */ = {isa = PBXFileReference; lastKnownFileType = folder.assetcatalog; path = Feed.xcassets; sourceTree = "<group>"; };
		F47ABB732BE328BA0063C7AA /* FeedImageCell.swift */ = {isa = PBXFileReference; fileEncoding = 4; lastKnownFileType = sourcecode.swift; path = FeedImageCell.swift; sourceTree = "<group>"; };
		F49EDBD42BE3AA4800415107 /* en */ = {isa = PBXFileReference; lastKnownFileType = text.plist.strings; name = en; path = en.lproj/Feed.strings; sourceTree = "<group>"; };
		F49EDBD62BE3AA4B00415107 /* hi */ = {isa = PBXFileReference; lastKnownFileType = text.plist.strings; name = hi; path = hi.lproj/Feed.strings; sourceTree = "<group>"; };
/* End PBXFileReference section */

/* Begin PBXFrameworksBuildPhase section */
		F45FE8542BE2DB9A005A04D8 /* Frameworks */ = {
			isa = PBXFrameworksBuildPhase;
			buildActionMask = 2147483647;
			files = (
			);
			runOnlyForDeploymentPostprocessing = 0;
		};
		F47ABB5D2BE328AA0063C7AA /* Frameworks */ = {
			isa = PBXFrameworksBuildPhase;
			buildActionMask = 2147483647;
			files = (
				F47ABB862BE329A80063C7AA /* ListEngine.framework in Frameworks */,
			);
			runOnlyForDeploymentPostprocessing = 0;
		};
/* End PBXFrameworksBuildPhase section */

/* Begin PBXGroup section */
		F45FE84D2BE2DB9A005A04D8 = {
			isa = PBXGroup;
			children = (
				F45FE8592BE2DB9A005A04D8 /* ListEngine */,
				F47ABB612BE328AA0063C7AA /* LIstiOS */,
				F45FE8582BE2DB9A005A04D8 /* Products */,
				F463A0D92BE3122300CD161C /* Frameworks */,
			);
			sourceTree = "<group>";
		};
		F45FE8582BE2DB9A005A04D8 /* Products */ = {
			isa = PBXGroup;
			children = (
				F45FE8572BE2DB9A005A04D8 /* ListEngine.framework */,
				F47ABB602BE328AA0063C7AA /* LIstiOS.framework */,
			);
			name = Products;
			sourceTree = "<group>";
		};
		F45FE8592BE2DB9A005A04D8 /* ListEngine */ = {
			isa = PBXGroup;
			children = (
				F45FE8992BE3048C005A04D8 /* Feed Cache */,
				F45FE88B2BE3035C005A04D8 /* Feed API */,
				F45FE88A2BE302EF005A04D8 /* Feed Feature */,
				F45FE8DD2BE30C57005A04D8 /* Feed Presentation */,
			);
			path = ListEngine;
			sourceTree = "<group>";
		};
		F45FE88A2BE302EF005A04D8 /* Feed Feature */ = {
			isa = PBXGroup;
			children = (
				F45FE8842BE302AF005A04D8 /* FeedImage.swift */,
				F45FE8872BE302C2005A04D8 /* FeedCache.swift */,
				F45FE8862BE302C2005A04D8 /* FeedLoader.swift */,
			);
			path = "Feed Feature";
			sourceTree = "<group>";
		};
		F45FE88B2BE3035C005A04D8 /* Feed API */ = {
			isa = PBXGroup;
			children = (
				F45FE8972BE30439005A04D8 /* Helpers */,
				F45FE88C2BE30373005A04D8 /* FeedItemsMapper.swift */,
				F45FE88F2BE30373005A04D8 /* HTTPClient.swift */,
				F45FE88E2BE30373005A04D8 /* RemoteFeedItem.swift */,
				F45FE88D2BE30373005A04D8 /* RemoteFeedLoader.swift */,
				F45FE8902BE30374005A04D8 /* URLSessionHTTPClient.swift */,
			);
			path = "Feed API";
			sourceTree = "<group>";
		};
		F45FE8972BE30439005A04D8 /* Helpers */ = {
			isa = PBXGroup;
			children = (
				F45FE8962BE30439005A04D8 /* HTTPURLResponse+StatusCode.swift */,
			);
			path = Helpers;
			sourceTree = "<group>";
		};
		F45FE8992BE3048C005A04D8 /* Feed Cache */ = {
			isa = PBXGroup;
			children = (
				F45FE8A02BE30583005A04D8 /* Infrastructure */,
				F45FE89C2BE304BB005A04D8 /* FeedStore.swift */,
				F45FE89B2BE304BB005A04D8 /* LocalFeedImage.swift */,
				F45FE89A2BE304BB005A04D8 /* LocalFeedLoader.swift */,
			);
			path = "Feed Cache";
			sourceTree = "<group>";
		};
		F45FE8A02BE30583005A04D8 /* Infrastructure */ = {
			isa = PBXGroup;
			children = (
				F45FE8A12BE3058C005A04D8 /* CoreData */,
			);
			path = Infrastructure;
			sourceTree = "<group>";
		};
		F45FE8A12BE3058C005A04D8 /* CoreData */ = {
			isa = PBXGroup;
			children = (
				F45FE8A22BE305A4005A04D8 /* CoreDataFeedStore.swift */,
				F45FE8A32BE305A5005A04D8 /* CoreDataFeedStore+FeedStore.swift */,
				F45FE8A62BE305B4005A04D8 /* CoreDataHelpers.swift */,
				F45FE8B42BE30844005A04D8 /* ManagedCache.swift */,
				F45FE8B32BE30844005A04D8 /* ManagedFeedImage.swift */,
				F45FE8B02BE30645005A04D8 /* FeedStore.xcdatamodeld */,
			);
			path = CoreData;
			sourceTree = "<group>";
		};
		F45FE8DD2BE30C57005A04D8 /* Feed Presentation */ = {
			isa = PBXGroup;
			children = (
				F45FE8E12BE30CD7005A04D8 /* FeedPresenter.swift */,
				F45FE8DE2BE30CD7005A04D8 /* FeedViewModel.swift */,
				F45FE8E22BE30CD8005A04D8 /* FeedErrorViewModel.swift */,
				F45FE8DF2BE30CD7005A04D8 /* FeedLoadingViewModel.swift */,
				F45FE8E32BE30CD8005A04D8 /* FeedImagePresenter.swift */,
				F45FE8E02BE30CD7005A04D8 /* FeedImageViewModel.swift */,
				F45FE8EA2BE30CEC005A04D8 /* Localized.swift */,
				F49EDBD32BE3AA4800415107 /* Feed.strings */,
			);
			path = "Feed Presentation";
			sourceTree = "<group>";
		};
		F463A0D92BE3122300CD161C /* Frameworks */ = {
			isa = PBXGroup;
			children = (
			);
			name = Frameworks;
			sourceTree = "<group>";
		};
		F47ABB612BE328AA0063C7AA /* LIstiOS */ = {
			isa = PBXGroup;
			children = (
				F47ABB752BE328BA0063C7AA /* FeedUI */,
			);
			path = LIstiOS;
			sourceTree = "<group>";
		};
		F47ABB692BE328BA0063C7AA /* Controllers */ = {
			isa = PBXGroup;
			children = (
				F47ABB672BE328BA0063C7AA /* FeedImageCellController.swift */,
				F47ABB682BE328BA0063C7AA /* FeedViewController.swift */,
			);
			path = Controllers;
			sourceTree = "<group>";
		};
		F47ABB6F2BE328BA0063C7AA /* Helpers */ = {
			isa = PBXGroup;
			children = (
				F47ABB6B2BE328BA0063C7AA /* UIRefreshControl+Helpers.swift */,
				F47ABB6C2BE328BA0063C7AA /* UITableView+Dequeueing.swift */,
				F47ABB6D2BE328BA0063C7AA /* UITableView+HeaderSizing.swift */,
				F47ABB6E2BE328BA0063C7AA /* UIView+Shimmering.swift */,
			);
			path = Helpers;
			sourceTree = "<group>";
		};
		F47ABB742BE328BA0063C7AA /* Views */ = {
			isa = PBXGroup;
			children = (
				F47ABB6F2BE328BA0063C7AA /* Helpers */,
				F47ABB702BE328BA0063C7AA /* ErrorView.swift */,
				F47ABB712BE328BA0063C7AA /* Feed.storyboard */,
				F47ABB722BE328BA0063C7AA /* Feed.xcassets */,
				F47ABB732BE328BA0063C7AA /* FeedImageCell.swift */,
			);
			path = Views;
			sourceTree = "<group>";
		};
		F47ABB752BE328BA0063C7AA /* FeedUI */ = {
			isa = PBXGroup;
			children = (
				F47ABB692BE328BA0063C7AA /* Controllers */,
				F47ABB742BE328BA0063C7AA /* Views */,
			);
			path = FeedUI;
			sourceTree = "<group>";
		};
/* End PBXGroup section */

/* Begin PBXHeadersBuildPhase section */
		F45FE8522BE2DB9A005A04D8 /* Headers */ = {
			isa = PBXHeadersBuildPhase;
			buildActionMask = 2147483647;
			files = (
			);
			runOnlyForDeploymentPostprocessing = 0;
		};
		F47ABB5B2BE328AA0063C7AA /* Headers */ = {
			isa = PBXHeadersBuildPhase;
			buildActionMask = 2147483647;
			files = (
			);
			runOnlyForDeploymentPostprocessing = 0;
		};
/* End PBXHeadersBuildPhase section */

/* Begin PBXNativeTarget section */
		F45FE8562BE2DB9A005A04D8 /* ListEngine */ = {
			isa = PBXNativeTarget;
			buildConfigurationList = F45FE8692BE2DB9B005A04D8 /* Build configuration list for PBXNativeTarget "ListEngine" */;
			buildPhases = (
				F45FE8522BE2DB9A005A04D8 /* Headers */,
				F45FE8532BE2DB9A005A04D8 /* Sources */,
				F45FE8542BE2DB9A005A04D8 /* Frameworks */,
				F45FE8552BE2DB9A005A04D8 /* Resources */,
			);
			buildRules = (
			);
			dependencies = (
			);
			name = ListEngine;
			productName = ListEngine;
			productReference = F45FE8572BE2DB9A005A04D8 /* ListEngine.framework */;
			productType = "com.apple.product-type.framework";
		};
		F47ABB5F2BE328AA0063C7AA /* LIstiOS */ = {
			isa = PBXNativeTarget;
			buildConfigurationList = F47ABB662BE328AA0063C7AA /* Build configuration list for PBXNativeTarget "LIstiOS" */;
			buildPhases = (
				F47ABB5B2BE328AA0063C7AA /* Headers */,
				F47ABB5C2BE328AA0063C7AA /* Sources */,
				F47ABB5D2BE328AA0063C7AA /* Frameworks */,
				F47ABB5E2BE328AA0063C7AA /* Resources */,
				F47ABB882BE329A80063C7AA /* Embed Frameworks */,
			);
			buildRules = (
			);
			dependencies = (
				F47ABB842BE329790063C7AA /* PBXTargetDependency */,
			);
			name = LIstiOS;
			productName = LIstiOS;
			productReference = F47ABB602BE328AA0063C7AA /* LIstiOS.framework */;
			productType = "com.apple.product-type.framework";
		};
/* End PBXNativeTarget section */

/* Begin PBXProject section */
		F45FE84E2BE2DB9A005A04D8 /* Project object */ = {
			isa = PBXProject;
			attributes = {
				BuildIndependentTargetsInParallel = 1;
				LastSwiftUpdateCheck = 1530;
				LastUpgradeCheck = 1530;
				TargetAttributes = {
					F45FE8562BE2DB9A005A04D8 = {
						CreatedOnToolsVersion = 15.3;
						LastSwiftMigration = 1530;
					};
					F47ABB5F2BE328AA0063C7AA = {
						CreatedOnToolsVersion = 15.3;
					};
				};
			};
			buildConfigurationList = F45FE8512BE2DB9A005A04D8 /* Build configuration list for PBXProject "ListEngine" */;
			compatibilityVersion = "Xcode 14.0";
			developmentRegion = en;
			hasScannedForEncodings = 0;
			knownRegions = (
				en,
				Base,
				hi,
			);
			mainGroup = F45FE84D2BE2DB9A005A04D8;
			productRefGroup = F45FE8582BE2DB9A005A04D8 /* Products */;
			projectDirPath = "";
			projectRoot = "";
			targets = (
				F45FE8562BE2DB9A005A04D8 /* ListEngine */,
				F47ABB5F2BE328AA0063C7AA /* LIstiOS */,
			);
		};
/* End PBXProject section */

/* Begin PBXResourcesBuildPhase section */
		F45FE8552BE2DB9A005A04D8 /* Resources */ = {
			isa = PBXResourcesBuildPhase;
			buildActionMask = 2147483647;
			files = (
				F49EDBD52BE3AA4800415107 /* Feed.strings in Resources */,
			);
			runOnlyForDeploymentPostprocessing = 0;
		};
		F47ABB5E2BE328AA0063C7AA /* Resources */ = {
			isa = PBXResourcesBuildPhase;
			buildActionMask = 2147483647;
			files = (
				F47ABB7E2BE328BB0063C7AA /* Feed.storyboard in Resources */,
				F47ABB7F2BE328BB0063C7AA /* Feed.xcassets in Resources */,
			);
			runOnlyForDeploymentPostprocessing = 0;
		};
/* End PBXResourcesBuildPhase section */

/* Begin PBXSourcesBuildPhase section */
		F45FE8532BE2DB9A005A04D8 /* Sources */ = {
			isa = PBXSourcesBuildPhase;
			buildActionMask = 2147483647;
			files = (
				F45FE8E42BE30CD8005A04D8 /* FeedViewModel.swift in Sources */,
				F45FE8A72BE305B5005A04D8 /* CoreDataHelpers.swift in Sources */,
				F45FE8882BE302C2005A04D8 /* FeedLoader.swift in Sources */,
				F45FE8892BE302C2005A04D8 /* FeedCache.swift in Sources */,
				F45FE8932BE30374005A04D8 /* RemoteFeedItem.swift in Sources */,
				F45FE89F2BE304BB005A04D8 /* FeedStore.swift in Sources */,
				F45FE8952BE30374005A04D8 /* URLSessionHTTPClient.swift in Sources */,
				F45FE8E52BE30CD8005A04D8 /* FeedLoadingViewModel.swift in Sources */,
				F45FE8B62BE30844005A04D8 /* ManagedCache.swift in Sources */,
				F45FE89D2BE304BB005A04D8 /* LocalFeedLoader.swift in Sources */,
				F45FE8E92BE30CD8005A04D8 /* FeedImagePresenter.swift in Sources */,
				F45FE8942BE30374005A04D8 /* HTTPClient.swift in Sources */,
				F45FE8E82BE30CD8005A04D8 /* FeedErrorViewModel.swift in Sources */,
				F45FE8852BE302AF005A04D8 /* FeedImage.swift in Sources */,
				F45FE8A52BE305A5005A04D8 /* CoreDataFeedStore+FeedStore.swift in Sources */,
				F45FE89E2BE304BB005A04D8 /* LocalFeedImage.swift in Sources */,
				F45FE8E72BE30CD8005A04D8 /* FeedPresenter.swift in Sources */,
				F45FE8E62BE30CD8005A04D8 /* FeedImageViewModel.swift in Sources */,
				F45FE8922BE30374005A04D8 /* RemoteFeedLoader.swift in Sources */,
				F45FE8982BE30439005A04D8 /* HTTPURLResponse+StatusCode.swift in Sources */,
				F45FE8EB2BE30CED005A04D8 /* Localized.swift in Sources */,
				F45FE8912BE30374005A04D8 /* FeedItemsMapper.swift in Sources */,
				F45FE8A42BE305A5005A04D8 /* CoreDataFeedStore.swift in Sources */,
				F45FE8B22BE30645005A04D8 /* FeedStore.xcdatamodeld in Sources */,
				F45FE8B52BE30844005A04D8 /* ManagedFeedImage.swift in Sources */,
			);
			runOnlyForDeploymentPostprocessing = 0;
		};
		F47ABB5C2BE328AA0063C7AA /* Sources */ = {
			isa = PBXSourcesBuildPhase;
			buildActionMask = 2147483647;
			files = (
				F47ABB7B2BE328BA0063C7AA /* UITableView+HeaderSizing.swift in Sources */,
				F47ABB792BE328BA0063C7AA /* UIRefreshControl+Helpers.swift in Sources */,
				F47ABB7C2BE328BA0063C7AA /* UIView+Shimmering.swift in Sources */,
				F47ABB772BE328BA0063C7AA /* FeedViewController.swift in Sources */,
				F47ABB7A2BE328BA0063C7AA /* UITableView+Dequeueing.swift in Sources */,
				F47ABB762BE328BA0063C7AA /* FeedImageCellController.swift in Sources */,
				F47ABB802BE328BB0063C7AA /* FeedImageCell.swift in Sources */,
				F47ABB7D2BE328BA0063C7AA /* ErrorView.swift in Sources */,
			);
			runOnlyForDeploymentPostprocessing = 0;
		};
/* End PBXSourcesBuildPhase section */

/* Begin PBXTargetDependency section */
		F47ABB842BE329790063C7AA /* PBXTargetDependency */ = {
			isa = PBXTargetDependency;
			target = F45FE8562BE2DB9A005A04D8 /* ListEngine */;
			targetProxy = F47ABB832BE329790063C7AA /* PBXContainerItemProxy */;
		};
/* End PBXTargetDependency section */

/* Begin PBXVariantGroup section */
		F49EDBD32BE3AA4800415107 /* Feed.strings */ = {
			isa = PBXVariantGroup;
			children = (
				F49EDBD42BE3AA4800415107 /* en */,
				F49EDBD62BE3AA4B00415107 /* hi */,
			);
			name = Feed.strings;
			sourceTree = "<group>";
		};
/* End PBXVariantGroup section */

/* Begin XCBuildConfiguration section */
		F45FE8672BE2DB9B005A04D8 /* Debug */ = {
			isa = XCBuildConfiguration;
			buildSettings = {
				ALWAYS_SEARCH_USER_PATHS = NO;
				ASSETCATALOG_COMPILER_GENERATE_SWIFT_ASSET_SYMBOL_EXTENSIONS = YES;
				CLANG_ANALYZER_NONNULL = YES;
				CLANG_ANALYZER_NUMBER_OBJECT_CONVERSION = YES_AGGRESSIVE;
				CLANG_CXX_LANGUAGE_STANDARD = "gnu++20";
				CLANG_ENABLE_MODULES = YES;
				CLANG_ENABLE_OBJC_ARC = YES;
				CLANG_ENABLE_OBJC_WEAK = YES;
				CLANG_WARN_BLOCK_CAPTURE_AUTORELEASING = YES;
				CLANG_WARN_BOOL_CONVERSION = YES;
				CLANG_WARN_COMMA = YES;
				CLANG_WARN_CONSTANT_CONVERSION = YES;
				CLANG_WARN_DEPRECATED_OBJC_IMPLEMENTATIONS = YES;
				CLANG_WARN_DIRECT_OBJC_ISA_USAGE = YES_ERROR;
				CLANG_WARN_DOCUMENTATION_COMMENTS = YES;
				CLANG_WARN_EMPTY_BODY = YES;
				CLANG_WARN_ENUM_CONVERSION = YES;
				CLANG_WARN_INFINITE_RECURSION = YES;
				CLANG_WARN_INT_CONVERSION = YES;
				CLANG_WARN_NON_LITERAL_NULL_CONVERSION = YES;
				CLANG_WARN_OBJC_IMPLICIT_RETAIN_SELF = YES;
				CLANG_WARN_OBJC_LITERAL_CONVERSION = YES;
				CLANG_WARN_OBJC_ROOT_CLASS = YES_ERROR;
				CLANG_WARN_QUOTED_INCLUDE_IN_FRAMEWORK_HEADER = YES;
				CLANG_WARN_RANGE_LOOP_ANALYSIS = YES;
				CLANG_WARN_STRICT_PROTOTYPES = YES;
				CLANG_WARN_SUSPICIOUS_MOVE = YES;
				CLANG_WARN_UNGUARDED_AVAILABILITY = YES_AGGRESSIVE;
				CLANG_WARN_UNREACHABLE_CODE = YES;
				CLANG_WARN__DUPLICATE_METHOD_MATCH = YES;
				COPY_PHASE_STRIP = NO;
				CURRENT_PROJECT_VERSION = 1;
				DEBUG_INFORMATION_FORMAT = dwarf;
				ENABLE_STRICT_OBJC_MSGSEND = YES;
				ENABLE_TESTABILITY = YES;
				ENABLE_USER_SCRIPT_SANDBOXING = YES;
				GCC_C_LANGUAGE_STANDARD = gnu17;
				GCC_DYNAMIC_NO_PIC = NO;
				GCC_NO_COMMON_BLOCKS = YES;
				GCC_OPTIMIZATION_LEVEL = 0;
				GCC_PREPROCESSOR_DEFINITIONS = (
					"DEBUG=1",
					"$(inherited)",
				);
				GCC_WARN_64_TO_32_BIT_CONVERSION = YES;
				GCC_WARN_ABOUT_RETURN_TYPE = YES_ERROR;
				GCC_WARN_UNDECLARED_SELECTOR = YES;
				GCC_WARN_UNINITIALIZED_AUTOS = YES_AGGRESSIVE;
				GCC_WARN_UNUSED_FUNCTION = YES;
				GCC_WARN_UNUSED_VARIABLE = YES;
				LOCALIZATION_PREFERS_STRING_CATALOGS = YES;
				MACOSX_DEPLOYMENT_TARGET = 14.4;
				MTL_ENABLE_DEBUG_INFO = INCLUDE_SOURCE;
				MTL_FAST_MATH = YES;
				ONLY_ACTIVE_ARCH = YES;
				SDKROOT = macosx;
				SWIFT_ACTIVE_COMPILATION_CONDITIONS = "DEBUG $(inherited)";
				SWIFT_OPTIMIZATION_LEVEL = "-Onone";
				VERSIONING_SYSTEM = "apple-generic";
				VERSION_INFO_PREFIX = "";
			};
			name = Debug;
		};
		F45FE8682BE2DB9B005A04D8 /* Release */ = {
			isa = XCBuildConfiguration;
			buildSettings = {
				ALWAYS_SEARCH_USER_PATHS = NO;
				ASSETCATALOG_COMPILER_GENERATE_SWIFT_ASSET_SYMBOL_EXTENSIONS = YES;
				CLANG_ANALYZER_NONNULL = YES;
				CLANG_ANALYZER_NUMBER_OBJECT_CONVERSION = YES_AGGRESSIVE;
				CLANG_CXX_LANGUAGE_STANDARD = "gnu++20";
				CLANG_ENABLE_MODULES = YES;
				CLANG_ENABLE_OBJC_ARC = YES;
				CLANG_ENABLE_OBJC_WEAK = YES;
				CLANG_WARN_BLOCK_CAPTURE_AUTORELEASING = YES;
				CLANG_WARN_BOOL_CONVERSION = YES;
				CLANG_WARN_COMMA = YES;
				CLANG_WARN_CONSTANT_CONVERSION = YES;
				CLANG_WARN_DEPRECATED_OBJC_IMPLEMENTATIONS = YES;
				CLANG_WARN_DIRECT_OBJC_ISA_USAGE = YES_ERROR;
				CLANG_WARN_DOCUMENTATION_COMMENTS = YES;
				CLANG_WARN_EMPTY_BODY = YES;
				CLANG_WARN_ENUM_CONVERSION = YES;
				CLANG_WARN_INFINITE_RECURSION = YES;
				CLANG_WARN_INT_CONVERSION = YES;
				CLANG_WARN_NON_LITERAL_NULL_CONVERSION = YES;
				CLANG_WARN_OBJC_IMPLICIT_RETAIN_SELF = YES;
				CLANG_WARN_OBJC_LITERAL_CONVERSION = YES;
				CLANG_WARN_OBJC_ROOT_CLASS = YES_ERROR;
				CLANG_WARN_QUOTED_INCLUDE_IN_FRAMEWORK_HEADER = YES;
				CLANG_WARN_RANGE_LOOP_ANALYSIS = YES;
				CLANG_WARN_STRICT_PROTOTYPES = YES;
				CLANG_WARN_SUSPICIOUS_MOVE = YES;
				CLANG_WARN_UNGUARDED_AVAILABILITY = YES_AGGRESSIVE;
				CLANG_WARN_UNREACHABLE_CODE = YES;
				CLANG_WARN__DUPLICATE_METHOD_MATCH = YES;
				COPY_PHASE_STRIP = NO;
				CURRENT_PROJECT_VERSION = 1;
				DEBUG_INFORMATION_FORMAT = "dwarf-with-dsym";
				ENABLE_NS_ASSERTIONS = NO;
				ENABLE_STRICT_OBJC_MSGSEND = YES;
				ENABLE_USER_SCRIPT_SANDBOXING = YES;
				GCC_C_LANGUAGE_STANDARD = gnu17;
				GCC_NO_COMMON_BLOCKS = YES;
				GCC_WARN_64_TO_32_BIT_CONVERSION = YES;
				GCC_WARN_ABOUT_RETURN_TYPE = YES_ERROR;
				GCC_WARN_UNDECLARED_SELECTOR = YES;
				GCC_WARN_UNINITIALIZED_AUTOS = YES_AGGRESSIVE;
				GCC_WARN_UNUSED_FUNCTION = YES;
				GCC_WARN_UNUSED_VARIABLE = YES;
				LOCALIZATION_PREFERS_STRING_CATALOGS = YES;
				MACOSX_DEPLOYMENT_TARGET = 14.4;
				MTL_ENABLE_DEBUG_INFO = NO;
				MTL_FAST_MATH = YES;
				SDKROOT = macosx;
				SWIFT_COMPILATION_MODE = wholemodule;
				VERSIONING_SYSTEM = "apple-generic";
				VERSION_INFO_PREFIX = "";
			};
			name = Release;
		};
		F45FE86A2BE2DB9B005A04D8 /* Debug */ = {
			isa = XCBuildConfiguration;
			buildSettings = {
				BUILD_LIBRARY_FOR_DISTRIBUTION = YES;
				CLANG_ENABLE_MODULES = YES;
				CODE_SIGN_STYLE = Automatic;
				COMBINE_HIDPI_IMAGES = YES;
				CURRENT_PROJECT_VERSION = 1;
				DEFINES_MODULE = NO;
				DEVELOPMENT_TEAM = SC3D86JVL3;
				DYLIB_COMPATIBILITY_VERSION = 1;
				DYLIB_CURRENT_VERSION = 1;
				DYLIB_INSTALL_NAME_BASE = "@rpath";
				ENABLE_MODULE_VERIFIER = YES;
				GENERATE_INFOPLIST_FILE = YES;
				INFOPLIST_KEY_NSHumanReadableCopyright = "";
				INSTALL_PATH = "$(LOCAL_LIBRARY_DIR)/Frameworks";
				IPHONEOS_DEPLOYMENT_TARGET = 17.0;
				LD_RUNPATH_SEARCH_PATHS = (
					"$(inherited)",
					"@executable_path/../Frameworks",
					"@loader_path/Frameworks",
				);
				MACOSX_DEPLOYMENT_TARGET = 14.0;
				MARKETING_VERSION = 1.0;
				MODULE_VERIFIER_SUPPORTED_LANGUAGES = "objective-c objective-c++";
				MODULE_VERIFIER_SUPPORTED_LANGUAGE_STANDARDS = "gnu17 gnu++20";
				PRODUCT_BUNDLE_IDENTIFIER = com.afsal.listengine.ListEngine;
				PRODUCT_NAME = "$(TARGET_NAME:c99extidentifier)";
				SKIP_INSTALL = YES;
				SUPPORTED_PLATFORMS = "iphoneos iphonesimulator macosx";
				SUPPORTS_MACCATALYST = NO;
				SWIFT_EMIT_LOC_STRINGS = YES;
				SWIFT_INSTALL_OBJC_HEADER = NO;
				SWIFT_OPTIMIZATION_LEVEL = "-Onone";
				SWIFT_VERSION = 5.0;
				TARGETED_DEVICE_FAMILY = 1;
			};
			name = Debug;
		};
		F45FE86B2BE2DB9B005A04D8 /* Release */ = {
			isa = XCBuildConfiguration;
			buildSettings = {
				BUILD_LIBRARY_FOR_DISTRIBUTION = YES;
				CLANG_ENABLE_MODULES = YES;
				CODE_SIGN_STYLE = Automatic;
				COMBINE_HIDPI_IMAGES = YES;
				CURRENT_PROJECT_VERSION = 1;
				DEFINES_MODULE = NO;
				DEVELOPMENT_TEAM = SC3D86JVL3;
				DYLIB_COMPATIBILITY_VERSION = 1;
				DYLIB_CURRENT_VERSION = 1;
				DYLIB_INSTALL_NAME_BASE = "@rpath";
				ENABLE_MODULE_VERIFIER = YES;
				GENERATE_INFOPLIST_FILE = YES;
				INFOPLIST_KEY_NSHumanReadableCopyright = "";
				INSTALL_PATH = "$(LOCAL_LIBRARY_DIR)/Frameworks";
				IPHONEOS_DEPLOYMENT_TARGET = 17.0;
				LD_RUNPATH_SEARCH_PATHS = (
					"$(inherited)",
					"@executable_path/../Frameworks",
					"@loader_path/Frameworks",
				);
				MACOSX_DEPLOYMENT_TARGET = 14.0;
				MARKETING_VERSION = 1.0;
				MODULE_VERIFIER_SUPPORTED_LANGUAGES = "objective-c objective-c++";
				MODULE_VERIFIER_SUPPORTED_LANGUAGE_STANDARDS = "gnu17 gnu++20";
				PRODUCT_BUNDLE_IDENTIFIER = com.afsal.listengine.ListEngine;
				PRODUCT_NAME = "$(TARGET_NAME:c99extidentifier)";
				SKIP_INSTALL = YES;
				SUPPORTED_PLATFORMS = "iphoneos iphonesimulator macosx";
				SUPPORTS_MACCATALYST = NO;
				SWIFT_EMIT_LOC_STRINGS = YES;
				SWIFT_INSTALL_OBJC_HEADER = NO;
				SWIFT_VERSION = 5.0;
				TARGETED_DEVICE_FAMILY = 1;
			};
			name = Release;
		};
		F47ABB642BE328AA0063C7AA /* Debug */ = {
			isa = XCBuildConfiguration;
			buildSettings = {
				BUILD_LIBRARY_FOR_DISTRIBUTION = YES;
				CODE_SIGN_STYLE = Automatic;
				CURRENT_PROJECT_VERSION = 1;
				DEFINES_MODULE = NO;
				DEVELOPMENT_TEAM = SC3D86JVL3;
				DYLIB_COMPATIBILITY_VERSION = 1;
				DYLIB_CURRENT_VERSION = 1;
				DYLIB_INSTALL_NAME_BASE = "@rpath";
				ENABLE_MODULE_VERIFIER = YES;
				GENERATE_INFOPLIST_FILE = YES;
				INFOPLIST_KEY_NSHumanReadableCopyright = "";
				INSTALL_PATH = "$(LOCAL_LIBRARY_DIR)/Frameworks";
				IPHONEOS_DEPLOYMENT_TARGET = 17.0;
				LD_RUNPATH_SEARCH_PATHS = (
					"$(inherited)",
					"@executable_path/Frameworks",
					"@loader_path/Frameworks",
				);
				MARKETING_VERSION = 1.0;
				MODULE_VERIFIER_SUPPORTED_LANGUAGES = "objective-c objective-c++";
				MODULE_VERIFIER_SUPPORTED_LANGUAGE_STANDARDS = "gnu17 gnu++20";
				PRODUCT_BUNDLE_IDENTIFIER = com.afsal.listiOS.LIstiOS;
				PRODUCT_NAME = "$(TARGET_NAME:c99extidentifier)";
				SDKROOT = iphoneos;
				SKIP_INSTALL = YES;
				SUPPORTED_PLATFORMS = "iphoneos iphonesimulator";
				SUPPORTS_MACCATALYST = NO;
				SUPPORTS_MAC_DESIGNED_FOR_IPHONE_IPAD = NO;
				SUPPORTS_XR_DESIGNED_FOR_IPHONE_IPAD = NO;
				SWIFT_EMIT_LOC_STRINGS = YES;
				SWIFT_INSTALL_OBJC_HEADER = NO;
				SWIFT_VERSION = 5.0;
				TARGETED_DEVICE_FAMILY = 1;
			};
			name = Debug;
		};
		F47ABB652BE328AA0063C7AA /* Release */ = {
			isa = XCBuildConfiguration;
			buildSettings = {
				BUILD_LIBRARY_FOR_DISTRIBUTION = YES;
				CODE_SIGN_STYLE = Automatic;
				CURRENT_PROJECT_VERSION = 1;
				DEFINES_MODULE = NO;
				DEVELOPMENT_TEAM = SC3D86JVL3;
				DYLIB_COMPATIBILITY_VERSION = 1;
				DYLIB_CURRENT_VERSION = 1;
				DYLIB_INSTALL_NAME_BASE = "@rpath";
				ENABLE_MODULE_VERIFIER = YES;
				GENERATE_INFOPLIST_FILE = YES;
				INFOPLIST_KEY_NSHumanReadableCopyright = "";
				INSTALL_PATH = "$(LOCAL_LIBRARY_DIR)/Frameworks";
				IPHONEOS_DEPLOYMENT_TARGET = 17.0;
				LD_RUNPATH_SEARCH_PATHS = (
					"$(inherited)",
					"@executable_path/Frameworks",
					"@loader_path/Frameworks",
				);
				MARKETING_VERSION = 1.0;
				MODULE_VERIFIER_SUPPORTED_LANGUAGES = "objective-c objective-c++";
				MODULE_VERIFIER_SUPPORTED_LANGUAGE_STANDARDS = "gnu17 gnu++20";
				PRODUCT_BUNDLE_IDENTIFIER = com.afsal.listiOS.LIstiOS;
				PRODUCT_NAME = "$(TARGET_NAME:c99extidentifier)";
				SDKROOT = iphoneos;
				SKIP_INSTALL = YES;
				SUPPORTED_PLATFORMS = "iphoneos iphonesimulator";
				SUPPORTS_MACCATALYST = NO;
				SUPPORTS_MAC_DESIGNED_FOR_IPHONE_IPAD = NO;
				SUPPORTS_XR_DESIGNED_FOR_IPHONE_IPAD = NO;
				SWIFT_EMIT_LOC_STRINGS = YES;
				SWIFT_INSTALL_OBJC_HEADER = NO;
				SWIFT_VERSION = 5.0;
				TARGETED_DEVICE_FAMILY = 1;
				VALIDATE_PRODUCT = YES;
			};
			name = Release;
		};
/* End XCBuildConfiguration section */

/* Begin XCConfigurationList section */
		F45FE8512BE2DB9A005A04D8 /* Build configuration list for PBXProject "ListEngine" */ = {
			isa = XCConfigurationList;
			buildConfigurations = (
				F45FE8672BE2DB9B005A04D8 /* Debug */,
				F45FE8682BE2DB9B005A04D8 /* Release */,
			);
			defaultConfigurationIsVisible = 0;
			defaultConfigurationName = Release;
		};
		F45FE8692BE2DB9B005A04D8 /* Build configuration list for PBXNativeTarget "ListEngine" */ = {
			isa = XCConfigurationList;
			buildConfigurations = (
				F45FE86A2BE2DB9B005A04D8 /* Debug */,
				F45FE86B2BE2DB9B005A04D8 /* Release */,
			);
			defaultConfigurationIsVisible = 0;
			defaultConfigurationName = Release;
		};
		F47ABB662BE328AA0063C7AA /* Build configuration list for PBXNativeTarget "LIstiOS" */ = {
			isa = XCConfigurationList;
			buildConfigurations = (
				F47ABB642BE328AA0063C7AA /* Debug */,
				F47ABB652BE328AA0063C7AA /* Release */,
			);
			defaultConfigurationIsVisible = 0;
			defaultConfigurationName = Release;
		};
/* End XCConfigurationList section */

/* Begin XCVersionGroup section */
		F45FE8B02BE30645005A04D8 /* FeedStore.xcdatamodeld */ = {
			isa = XCVersionGroup;
			children = (
				F45FE8B12BE30645005A04D8 /* FeedStore.xcdatamodel */,
			);
			currentVersion = F45FE8B12BE30645005A04D8 /* FeedStore.xcdatamodel */;
			name = FeedStore.xcdatamodeld;
			path = "/Users/home/Desktop/ListApp/ListEngine/ListEngine/Feed Cache/Infrastructure/CoreData/FeedStore.xcdatamodeld";
			sourceTree = "<group>";
			versionGroupType = wrapper.xcdatamodel;
		};
/* End XCVersionGroup section */
	};
	rootObject = F45FE84E2BE2DB9A005A04D8 /* Project object */;
}
